
Microsoft Visual Studio Solution File, Format Version 12.00
# Visual Studio Version 17
VisualStudioVersion = 17.6.33723.286
MinimumVisualStudioVersion = 10.0.40219.1
Project("{FAE04EC0-301F-11D3-BF4B-00C04F79EFBC}") = "Shapes", "Shapes\Shapes.csproj", "{6F7A6FBB-3888-48F6-9401-175BE73A6885}"
EndProject
Global
	GlobalSection(SolutionConfigurationPlatforms) = preSolution
		Debug|Any CPU = Debug|Any CPU
		Release|Any CPU = Release|Any CPU
	EndGlobalSection
	GlobalSection(ProjectConfigurationPlatforms) = postSolution
		{6F7A6FBB-3888-48F6-9401-175BE73A6885}.Debug|Any CPU.ActiveCfg = Debug|Any CPU
		{6F7A6FBB-3888-48F6-9401-175BE73A6885}.Debug|Any CPU.Build.0 = Debug|Any CPU
		{6F7A6FBB-3888-48F6-9401-175BE73A6885}.Release|Any CPU.ActiveCfg = Release|Any CPU
		{6F7A6FBB-3888-48F6-9401-175BE73A6885}.Release|Any CPU.Build.0 = Release|Any CPU
	EndGlobalSection
	GlobalSection(SolutionProperties) = preSolution
		HideSolutionNode = FALSE
	EndGlobalSection
	GlobalSection(ExtensibilityGlobals) = postSolution
		SolutionGuid = {293B7DB6-63DB-4231-A44B-6BF50112DE85}
	EndGlobalSection
EndGlobal
